PODS:
  - AuroraDreamband (0.1.0):
    - AuroraDreamband/Core (= 0.1.0)
    - AwaitKit
    - PromiseKit
    - RZBluetooth
  - AuroraDreamband/Core (0.1.0):
    - AwaitKit
    - PromiseKit
    - RZBluetooth
  - AuroraDreamband/Simulation (0.1.0):
    - AwaitKit
    - PromiseKit
    - RZBluetooth
    - RZBluetooth/Mock
  - AuroraDreamband/Testing (0.1.0):
    - AwaitKit
    - PromiseKit
    - RZBluetooth
    - RZBluetooth/Test
  - AwaitKit (2.0.0):
    - PromiseKit (~> 4.0)
  - Nimble (5.1.1)
  - PromiseKit (4.0.5):
    - PromiseKit/Foundation (= 4.0.5)
    - PromiseKit/QuartzCore (= 4.0.5)
    - PromiseKit/UIKit (= 4.0.5)
  - PromiseKit/CorePromise (4.0.5)
  - PromiseKit/Foundation (4.0.5):
    - PromiseKit/CorePromise
  - PromiseKit/QuartzCore (4.0.5):
    - PromiseKit/CorePromise
  - PromiseKit/UIKit (4.0.5):
    - PromiseKit/CorePromise
  - RZBluetooth (1.1.1):
    - RZBluetooth/Core (= 1.1.1)
  - RZBluetooth/Core (1.1.1)
  - RZBluetooth/Mock (1.1.1):
    - RZBluetooth/Core
  - RZBluetooth/Test (1.1.1):
    - RZBluetooth/Mock

DEPENDENCIES:
  - AuroraDreamband (from `../`)
  - AuroraDreamband/Simulation (from `../`)
  - AuroraDreamband/Testing (from `../`)
  - Nimble

EXTERNAL SOURCES:
  AuroraDreamband:
    :path: "../"

SPEC CHECKSUMS:
  AuroraDreamband: 7db84ecf1683933d59a27b84616c2ecf0b3f05d3
  AwaitKit: 1645b708f13a15ac7fa9c1a39d6808f799e5a1ec
  Nimble: 415e3aa3267e7bc2c96b05fa814ddea7bb686a29
  PromiseKit: 593b5e24ded6cbb1ebc708bc2c3428a8a5632d91
  RZBluetooth: 717ffd8c5f1ba1dac8fe5d56707981e8389c7e6d

PODFILE CHECKSUM: e89e6d1b1df2f5730aea33ef46355ebbe22f66f6

COCOAPODS: 1.2.0.beta.1
