PODS:
  - AuroraDreamband (0.1.0):
    - AuroraDreamband/Core (= 0.1.0)
    - AwaitKit
    - heatshrink-objc
    - PromiseKit
    - RZBluetooth
  - AuroraDreamband/Core (0.1.0):
    - AwaitKit
    - heatshrink-objc
    - PromiseKit
    - RZBluetooth
  - AwaitKit (3.0.0):
    - PromiseKit (~> 4.1)
  - heatshrink-objc (0.1.0)
  - Nimble (5.1.1)
  - PromiseKit (4.2.2):
    - PromiseKit/Foundation (= 4.2.2)
    - PromiseKit/QuartzCore (= 4.2.2)
    - PromiseKit/UIKit (= 4.2.2)
  - PromiseKit/CorePromise (4.2.2)
  - PromiseKit/Foundation (4.2.2):
    - PromiseKit/CorePromise
  - PromiseKit/QuartzCore (4.2.2):
    - PromiseKit/CorePromise
  - PromiseKit/UIKit (4.2.2):
    - PromiseKit/CorePromise
  - RZBluetooth (1.2.1):
    - RZBluetooth/Core (= 1.2.1)
  - RZBluetooth/Core (1.2.1)

DEPENDENCIES:
  - AuroraDreamband (from `../`)
  - Nimble

EXTERNAL SOURCES:
  AuroraDreamband:
    :path: "../"

SPEC CHECKSUMS:
  AuroraDreamband: 296d9dc6dbc6955cb4d8bfa6c7d134eeb502f854
  AwaitKit: c469875701a000d6932dc2ec818719967e43be56
  heatshrink-objc: 5f9adcf1418337b441ee18b3cc0c5af76f020d0d
  Nimble: 415e3aa3267e7bc2c96b05fa814ddea7bb686a29
  PromiseKit: 00e8886881f151c7e573d06b437915b0bb2970ec
  RZBluetooth: 1d3c1812c16438c77822377943c2a3012aa66bb1

PODFILE CHECKSUM: cdfd2c1074d467675ee0800210a5e6f82997ae98

COCOAPODS: 1.2.0.beta.1
