PODS:
  - iwinks-ble-core-ios (0.1.0)
  - Nimble (5.1.1)
  - RZBluetooth (1.1.1):
    - RZBluetooth/Core (= 1.1.1)
  - RZBluetooth/Core (1.1.1)
  - RZBluetooth/Mock (1.1.1):
    - RZBluetooth/Core
  - RZBluetooth/Test (1.1.1):
    - RZBluetooth/Mock

DEPENDENCIES:
  - iwinks-ble-core-ios (from `../`)
  - Nimble
  - RZBluetooth
  - RZBluetooth/Mock
  - RZBluetooth/Test

EXTERNAL SOURCES:
  iwinks-ble-core-ios:
    :path: "../"

SPEC CHECKSUMS:
  iwinks-ble-core-ios: 46400e60a58a62e66d56246f9544d477e103f0a5
  Nimble: 415e3aa3267e7bc2c96b05fa814ddea7bb686a29
  RZBluetooth: 717ffd8c5f1ba1dac8fe5d56707981e8389c7e6d

PODFILE CHECKSUM: 0f4c61dfc2a9bc88de38a3f43ae9276f270c6bbe

COCOAPODS: 1.2.0.beta.1
